
Microsoft Visual Studio Solution File, Format Version 12.00
# Visual Studio Version 16
VisualStudioVersion = 16.0.30907.101
MinimumVisualStudioVersion = 10.0.40219.1
Project("{FAE04EC0-301F-11D3-BF4B-00C04F79EFBC}") = "FinalProject", "FinalProject\FinalProject.csproj", "{AD7A9B48-10FB-41D9-BB4E-69109AE87074}"
EndProject
Global
	GlobalSection(SolutionConfigurationPlatforms) = preSolution
		Debug|Any CPU = Debug|Any CPU
		Release|Any CPU = Release|Any CPU
	EndGlobalSection
	GlobalSection(ProjectConfigurationPlatforms) = postSolution
		{AD7A9B48-10FB-41D9-BB4E-69109AE87074}.Debug|Any CPU.ActiveCfg = Debug|Any CPU
		{AD7A9B48-10FB-41D9-BB4E-69109AE87074}.Debug|Any CPU.Build.0 = Debug|Any CPU
		{AD7A9B48-10FB-41D9-BB4E-69109AE87074}.Release|Any CPU.ActiveCfg = Release|Any CPU
		{AD7A9B48-10FB-41D9-BB4E-69109AE87074}.Release|Any CPU.Build.0 = Release|Any CPU
	EndGlobalSection
	GlobalSection(SolutionProperties) = preSolution
		HideSolutionNode = FALSE
	EndGlobalSection
	GlobalSection(ExtensibilityGlobals) = postSolution
		SolutionGuid = {7F0A0D96-33EC-4BD4-ACBE-C7E71279E68C}
	EndGlobalSection
EndGlobal
